{
  "name": "@guseyn/cutie-rest",
  "version": "1.0.5",
  "lockfileVersion": 1,
  "requires": true,
  "dependencies": {
    "@guseyn/cutie": {
      "version": "1.4.0",
      "resolved": "https://registry.npmjs.org/@guseyn/cutie/-/cutie-1.4.0.tgz",
      "integrity": "sha512-7IZmi8n+ppEOlWGiJMvSSlh3Ycfr8wYRu3rPe36Z06y67eug57edZyy3+jmrw7+726somp5AB3/HUvsh+vJlQA=="
    },
    "@guseyn/cutie-assert": {
      "version": "1.1.0",
      "resolved": "https://registry.npmjs.org/@guseyn/cutie-assert/-/cutie-assert-1.1.0.tgz",
      "integrity": "sha512-viQw/vqGUTIbJcNTQY0PubsebPWekzHXF0dygfnqYbZEQ0IBJZZ2RgQw5RPqrYTmjAM5TMk5GOw9m+KkAuTAQA==",
      "requires": {
        "@guseyn/cutie": "1.4.0"
      }
    },
    "@guseyn/cutie-buffer": {
      "version": "1.0.9",
      "resolved": "https://registry.npmjs.org/@guseyn/cutie-buffer/-/cutie-buffer-1.0.9.tgz",
      "integrity": "sha512-TKrWPLMGaHibN2lPQ5PZN9Fa4rTQaR4MgbzT4QKsajYy0Ru/zAnv7/C9ld7qgjTAdUK5BsLYyP1JFwY9kgszhQ==",
      "requires": {
        "@guseyn/cutie": "1.4.0",
        "@guseyn/cutie-assert": "1.1.0",
        "@guseyn/cutie-is": "1.0.3",
        "@guseyn/cutie-iterator": "1.0.1",
        "test-executor": "1.0.8"
      }
    },
    "@guseyn/cutie-child-process": {
      "version": "1.0.0",
      "resolved": "https://registry.npmjs.org/@guseyn/cutie-child-process/-/cutie-child-process-1.0.0.tgz",
      "integrity": "sha512-MRUHsSHyr+hgbCz4X1HMMSu43O1ryUqeMonyiZp7GpgYgxlZ/BkTkhImgxXdyvwsEClWAC9GlWerPy1Nk6tCeg==",
      "requires": {
        "@guseyn/cutie": "1.4.0",
        "@guseyn/cutie-assert": "1.1.0",
        "@guseyn/cutie-is": "1.0.3",
        "test-executor": "1.0.8"
      }
    },
    "@guseyn/cutie-date": {
      "version": "1.0.4",
      "resolved": "https://registry.npmjs.org/@guseyn/cutie-date/-/cutie-date-1.0.4.tgz",
      "integrity": "sha512-Mk2DVVp+i5gmwjXrQhbFJX/FXS4FfbpUUQXFiL9YpuRJli6vJr5ivtE6XThX6Jz6aZP3dIAK3cWHaBUSsRY6Uw==",
      "requires": {
        "@guseyn/cutie": "1.4.0"
      }
    },
    "@guseyn/cutie-error": {
      "version": "1.0.3",
      "resolved": "https://registry.npmjs.org/@guseyn/cutie-error/-/cutie-error-1.0.3.tgz",
      "integrity": "sha512-9J5puIa4/UelmcqCoj+pyFCNrv3JMr0bR3/UqAH8eb3sBFrOapwHNSFMHfXOOgtXyV2IrfbvyLHbVjvYPgcQ6g==",
      "requires": {
        "@guseyn/cutie": "1.4.0"
      }
    },
    "@guseyn/cutie-event": {
      "version": "1.0.6",
      "resolved": "https://registry.npmjs.org/@guseyn/cutie-event/-/cutie-event-1.0.6.tgz",
      "integrity": "sha512-N+S7nwO9CRut7ujuGDw9M3hlMtZniS44R7Ac9EmT1XWWNrUCCh15ewN/ySeSISgQ7SMF5nDEpjXvSlSaBaKBiw==",
      "requires": {
        "@guseyn/cutie": "1.4.0"
      }
    },
    "@guseyn/cutie-fs": {
      "version": "1.1.0",
      "resolved": "https://registry.npmjs.org/@guseyn/cutie-fs/-/cutie-fs-1.1.0.tgz",
      "integrity": "sha512-yk3BF0PYt7b9mBY2WvsKizaYlWLl0GtUgyQwJMSQZAEvtWdHM2abYyMVaSoS5u71LTVX94K4vfsjnuIZVuCVRA==",
      "requires": {
        "@guseyn/cutie": "1.4.0",
        "@guseyn/cutie-assert": "1.1.0",
        "@guseyn/cutie-buffer": "1.0.9",
        "@guseyn/cutie-date": "1.0.4",
        "@guseyn/cutie-error": "1.0.3",
        "@guseyn/cutie-event": "1.0.6",
        "@guseyn/cutie-is": "1.0.3",
        "@guseyn/cutie-stream": "1.0.9",
        "test-executor": "1.0.8"
      }
    },
    "@guseyn/cutie-http": {
      "version": "1.1.7",
      "resolved": "https://registry.npmjs.org/@guseyn/cutie-http/-/cutie-http-1.1.7.tgz",
      "integrity": "sha512-E/iWmRiU9UuATyCGxdu82SXWFO3mEPvPmA9P3HYzFBGedeqfhVUOtEZpfjcwCjA/VF/bcnXLiuNXv8FO0W4dbw==",
      "requires": {
        "@guseyn/cutie": "1.4.0",
        "@guseyn/cutie-assert": "1.1.0",
        "@guseyn/cutie-is": "1.0.3",
        "@guseyn/cutie-object": "1.0.1",
        "@guseyn/cutie-process": "1.0.7",
        "@guseyn/cutie-stream": "1.0.9",
        "test-executor": "1.0.8"
      }
    },
    "@guseyn/cutie-if-else": {
      "version": "1.0.0",
      "resolved": "https://registry.npmjs.org/@guseyn/cutie-if-else/-/cutie-if-else-1.0.0.tgz",
      "integrity": "sha512-QFbAxDPTJx4qlxJrknRf8XHLskRj6bLm4XDxLKzWA0BFb3WYa3nwGBIGX04dmbWVWEJD7YYGLPLWVYHbsTqAIw==",
      "requires": {
        "@guseyn/cutie": "1.4.0",
        "@guseyn/cutie-assert": "1.1.0",
        "test-executor": "1.0.8"
      }
    },
    "@guseyn/cutie-is": {
      "version": "1.0.3",
      "resolved": "https://registry.npmjs.org/@guseyn/cutie-is/-/cutie-is-1.0.3.tgz",
      "integrity": "sha512-x7LbGqREwwL6MfKd1+sttv2/0p/h5J/mGE1+Vz3BkK3MBR6WX9mR6X0dmVbcBqEFgruCK2fj0b5DNPyJfQbSpg==",
      "requires": {
        "@guseyn/cutie": "1.4.0",
        "@guseyn/cutie-assert": "1.1.0"
      }
    },
    "@guseyn/cutie-iterator": {
      "version": "1.0.1",
      "resolved": "https://registry.npmjs.org/@guseyn/cutie-iterator/-/cutie-iterator-1.0.1.tgz",
      "integrity": "sha512-1/FkTXOubHI18XZPSWpbtu37uvVNsflfsFua9m14/iBQieOKBLIXS1OPtoUHP7xkBw0w5Ze24lmLAoqG4qhOBg==",
      "requires": {
        "@guseyn/cutie": "1.4.0"
      }
    },
    "@guseyn/cutie-object": {
      "version": "1.0.1",
      "resolved": "https://registry.npmjs.org/@guseyn/cutie-object/-/cutie-object-1.0.1.tgz",
      "integrity": "sha512-45DQmqTPUR1cNrkQ8ITTXZguTrOK14PvUu3ubXeaU8TplKI9V3XmOiHwqV1+GKIA/lamaQMW49lNJhu18fUwfA==",
      "requires": {
        "@guseyn/cutie": "1.4.0"
      }
    },
    "@guseyn/cutie-path": {
      "version": "1.0.1",
      "resolved": "https://registry.npmjs.org/@guseyn/cutie-path/-/cutie-path-1.0.1.tgz",
      "integrity": "sha512-JQwwGPAU+3rrYyVBAjsqVLaIFsNMEdm/P6VnO/bc1tkJEzhKZw9BQzj6DufUCByYTlVj7BRULpm1kzp1fS2QbQ==",
      "requires": {
        "@guseyn/cutie": "1.4.0",
        "@guseyn/cutie-assert": "1.1.0",
        "@guseyn/cutie-is": "1.0.3",
        "test-executor": "1.0.8"
      }
    },
    "@guseyn/cutie-process": {
      "version": "1.0.7",
      "resolved": "https://registry.npmjs.org/@guseyn/cutie-process/-/cutie-process-1.0.7.tgz",
      "integrity": "sha512-Js/1Op3RoUt1HGZ3hK7njvCyCBJCProAq/qN0GU04NZgJC9YjM3lxIqZ/po1zKg8rNIiHNTnjKTO1qyj5D64ew==",
      "requires": {
        "@guseyn/cutie": "1.4.0",
        "@guseyn/cutie-assert": "1.1.0",
        "@guseyn/cutie-child-process": "1.0.0",
        "@guseyn/cutie-is": "1.0.3",
        "find-process": "1.1.1",
        "promise-to-callback": "1.0.0",
        "test-executor": "1.0.8"
      }
    },
    "@guseyn/cutie-stream": {
      "version": "1.0.9",
      "resolved": "https://registry.npmjs.org/@guseyn/cutie-stream/-/cutie-stream-1.0.9.tgz",
      "integrity": "sha512-iKlIbM6cpgAgP+wBBNjoQNsRTcnKBk+02eWNgpopEwm/EwhP6mEiwVxeGt296Ntp8gjizCQ5St7Wqxz+QY9LLQ==",
      "requires": {
        "@guseyn/cutie": "1.4.0",
        "@guseyn/cutie-assert": "1.1.0",
        "@guseyn/cutie-is": "1.0.3",
        "test-executor": "1.0.8"
      }
    },
    "ansi-styles": {
      "version": "3.2.1",
      "resolved": "https://registry.npmjs.org/ansi-styles/-/ansi-styles-3.2.1.tgz",
      "integrity": "sha512-VT0ZI6kZRdTh8YyJw3SMbYm/u+NqfsAxEpWO0Pf9sq8/e94WxxOpPKx9FR1FlyCtOVDNOQ+8ntlqFxiRc+r5qA==",
      "requires": {
        "color-convert": "^1.9.0"
      }
    },
    "chalk": {
      "version": "2.4.1",
      "resolved": "https://registry.npmjs.org/chalk/-/chalk-2.4.1.tgz",
      "integrity": "sha512-ObN6h1v2fTJSmUXoS3nMQ92LbDK9be4TV+6G+omQlGJFdcUX5heKi1LZ1YnRMIgwTLEj3E24bT6tYni50rlCfQ==",
      "requires": {
        "ansi-styles": "^3.2.1",
        "escape-string-regexp": "^1.0.5",
        "supports-color": "^5.3.0"
      }
    },
    "color-convert": {
      "version": "1.9.2",
      "resolved": "https://registry.npmjs.org/color-convert/-/color-convert-1.9.2.tgz",
      "integrity": "sha512-3NUJZdhMhcdPn8vJ9v2UQJoH0qqoGUkYTgFEPZaPjEtwmmKUfNV46zZmgB2M5M4DCEQHMaCfWHCxiBflLm04Tg==",
      "requires": {
        "color-name": "1.1.1"
      }
    },
    "color-name": {
      "version": "1.1.1",
      "resolved": "https://registry.npmjs.org/color-name/-/color-name-1.1.1.tgz",
      "integrity": "sha1-SxQVMEz1ACjqgWQ2Q72C6gWANok="
    },
    "commander": {
      "version": "2.15.1",
      "resolved": "https://registry.npmjs.org/commander/-/commander-2.15.1.tgz",
      "integrity": "sha512-VlfT9F3V0v+jr4yxPc5gg9s62/fIVWsd2Bk2iD435um1NlGMYdVCq+MjcXnhYq2icNOizHr1kK+5TI6H0Hy0ag=="
    },
    "debug": {
      "version": "2.6.9",
      "resolved": "https://registry.npmjs.org/debug/-/debug-2.6.9.tgz",
      "integrity": "sha512-bC7ElrdJaJnPbAP+1EotYvqZsb3ecl5wi6Bfi6BJTUcNowp6cvspg0jXznRTKDjm/E7AdgFBVeAPVMNcKGsHMA==",
      "requires": {
        "ms": "2.0.0"
      }
    },
    "escape-string-regexp": {
      "version": "1.0.5",
      "resolved": "https://registry.npmjs.org/escape-string-regexp/-/escape-string-regexp-1.0.5.tgz",
      "integrity": "sha1-G2HAViGQqN/2rjuyzwIAyhMLhtQ="
    },
    "find-process": {
      "version": "1.1.1",
      "resolved": "https://registry.npmjs.org/find-process/-/find-process-1.1.1.tgz",
      "integrity": "sha1-V/sa28f0MEeG23IKSf69cIoxYtQ=",
      "requires": {
        "chalk": "^2.0.1",
        "commander": "^2.11.0",
        "debug": "^2.6.8"
      }
    },
    "has-flag": {
      "version": "3.0.0",
      "resolved": "https://registry.npmjs.org/has-flag/-/has-flag-3.0.0.tgz",
      "integrity": "sha1-tdRU3CGZriJWmfNGfloH87lVuv0="
    },
    "is-fn": {
      "version": "1.0.0",
      "resolved": "https://registry.npmjs.org/is-fn/-/is-fn-1.0.0.tgz",
      "integrity": "sha1-lUPV3nvPWwiiLsiiC65uKG1RDYw="
    },
    "ms": {
      "version": "2.0.0",
      "resolved": "https://registry.npmjs.org/ms/-/ms-2.0.0.tgz",
      "integrity": "sha1-VgiurfwAvmwpAd9fmGF4jeDVl8g="
    },
    "promise-to-callback": {
      "version": "1.0.0",
      "resolved": "https://registry.npmjs.org/promise-to-callback/-/promise-to-callback-1.0.0.tgz",
      "integrity": "sha1-XSp0kBC/tn2WNZj805YHRqaP7vc=",
      "requires": {
        "is-fn": "^1.0.0",
        "set-immediate-shim": "^1.0.1"
      }
    },
    "set-immediate-shim": {
      "version": "1.0.1",
      "resolved": "https://registry.npmjs.org/set-immediate-shim/-/set-immediate-shim-1.0.1.tgz",
      "integrity": "sha1-SysbJ+uAip+NzEgaWOXlb1mfP2E="
    },
    "supports-color": {
      "version": "5.4.0",
      "resolved": "https://registry.npmjs.org/supports-color/-/supports-color-5.4.0.tgz",
      "integrity": "sha512-zjaXglF5nnWpsq470jSv6P9DwPvgLkuapYmfDm3JWOm0vkNTVF2tI4UrN2r6jH1qM/uc/WtxYY1hYoA2dOKj5w==",
      "requires": {
        "has-flag": "^3.0.0"
      }
    },
    "test-executor": {
      "version": "1.0.8",
      "resolved": "https://registry.npmjs.org/test-executor/-/test-executor-1.0.8.tgz",
      "integrity": "sha512-qNnHuQprdIhIOD/sq3vBdrpOQcw54QAV/uP5yDCMVDHansEd97mx8bvpxSOy+mA1xcbWQhpNuvWFpLAkhmnXyg==",
      "requires": {
        "@guseyn/cutie": "1.3.7"
      },
      "dependencies": {
        "@guseyn/cutie": {
          "version": "1.3.7",
          "resolved": "https://registry.npmjs.org/@guseyn/cutie/-/cutie-1.3.7.tgz",
          "integrity": "sha512-czyO+55HuNjMEvrAPtN2yaH2y3BgTKkyDzFDIZmzJhaOJix1AoFNt/xgk1fiWWpIt9xg7dRxTD7zoyNE2sTZ+A=="
        }
      }
    }
  }
}
