{
  "name": "@cuties/rest",
  "version": "1.0.8",
  "lockfileVersion": 1,
  "requires": true,
  "dependencies": {
    "@cuties/assert": {
      "version": "1.1.4",
      "resolved": "https://registry.npmjs.org/@cuties/assert/-/assert-1.1.4.tgz",
      "integrity": "sha512-MgXcFnI1CsDLSu8O9s8ikqiLlknvj2thElT4MvMXy3B3bZlegUvQrZvN6kOzodRGsBLpIWhNXP8d6ckBitGxtg==",
      "requires": {
        "@cuties/cutie": "1.4.3",
        "test-executor": "1.1.0"
      }
    },
    "@cuties/buffer": {
      "version": "1.1.0",
      "resolved": "https://registry.npmjs.org/@cuties/buffer/-/buffer-1.1.0.tgz",
      "integrity": "sha512-sms+skugNIxrzZbF1lgJ0Cwsk0AHBC291LtRj18lSlED3QEe0dW/FxMM/9CjuzNURhRFcH1AjAjlAu4ar4DSyg==",
      "requires": {
        "@cuties/assert": "1.1.4",
        "@cuties/cutie": "1.4.3",
        "@cuties/is": "1.0.6",
        "@cuties/iterator": "1.0.4",
        "test-executor": "1.1.0"
      }
    },
    "@cuties/child-process": {
      "version": "1.0.1",
      "resolved": "https://registry.npmjs.org/@cuties/child-process/-/child-process-1.0.1.tgz",
      "integrity": "sha512-g8Mxz33zQZ9HP1edwY1xQcrlRIja787m8Q9MyJS7dp3QQ8C492857CUmQ8F5W0AmrXW9t2Cfruz1+lusS/z2sw==",
      "requires": {
        "@cuties/assert": "1.1.4",
        "@cuties/cutie": "1.4.3",
        "@cuties/is": "1.0.6",
        "test-executor": "1.1.0"
      }
    },
    "@cuties/cutie": {
      "version": "1.4.3",
      "resolved": "https://registry.npmjs.org/@cuties/cutie/-/cutie-1.4.3.tgz",
      "integrity": "sha512-oxcFZMdaSgVSasqQoNVp3R/dUniMxszlNgYLI6A/te5FY0b44yovqEpl7REJjorRYpdaZfjc8fHIaPZxWoa3aA=="
    },
    "@cuties/date": {
      "version": "1.0.6",
      "resolved": "https://registry.npmjs.org/@cuties/date/-/date-1.0.6.tgz",
      "integrity": "sha512-os8QrtIDIPDMW7Wa0UNucy4WNL4MjrI5XuxQP1Uy53pQq4tmTWIruPFCU1vw0T5F5En/8jW/Bq0ZKh+uQpI5Gw==",
      "requires": {
        "@cuties/assert": "1.1.4",
        "@cuties/cutie": "1.4.3",
        "@cuties/is": "1.0.6",
        "test-executor": "1.1.0"
      }
    },
    "@cuties/error": {
      "version": "1.0.6",
      "resolved": "https://registry.npmjs.org/@cuties/error/-/error-1.0.6.tgz",
      "integrity": "sha512-nFubIsZWHqdpIdoEIN4RKMVl1Ggso79gOlZQMoTeHq2XcfN4N5Mm/rE/ecY+iYBtFTBepS8/0shw760NJvllHQ==",
      "requires": {
        "@cuties/assert": "1.1.4",
        "@cuties/cutie": "1.4.3",
        "@cuties/is": "1.0.6",
        "test-executor": "1.1.0"
      }
    },
    "@cuties/event": {
      "version": "1.0.8",
      "resolved": "https://registry.npmjs.org/@cuties/event/-/event-1.0.8.tgz",
      "integrity": "sha512-Ubo1IK2aYCv1MGn9vxFZSQvaghABwNcNWHuSLRMxSAx4gFiZPeYoHdhf8N8Cdps35Crcd33AWIT5ZbqeQiqDlA==",
      "requires": {
        "@cuties/assert": "1.1.4",
        "@cuties/cutie": "1.4.3",
        "@cuties/is": "1.0.6",
        "test-executor": "1.1.0"
      }
    },
    "@cuties/fs": {
      "version": "1.1.1",
      "resolved": "https://registry.npmjs.org/@cuties/fs/-/fs-1.1.1.tgz",
      "integrity": "sha512-eN3H61B+4t8lVydT+uj7F2mVrjMq5avpm9JnjhHkmHOYM/Q2PlOBsc2YL3JtoABAKr2ys+/bN/DmQ8qauY/9dg==",
      "requires": {
        "@cuties/assert": "1.1.4",
        "@cuties/buffer": "1.1.0",
        "@cuties/cutie": "1.4.3",
        "@cuties/date": "1.0.6",
        "@cuties/error": "1.0.6",
        "@cuties/event": "1.0.8",
        "@cuties/is": "1.0.6",
        "@cuties/stream": "1.1.0",
        "test-executor": "1.1.0"
      }
    },
    "@cuties/http": {
      "version": "1.1.9",
      "resolved": "https://registry.npmjs.org/@cuties/http/-/http-1.1.9.tgz",
      "integrity": "sha512-C+BILj+fKqysjBEsSoQJPlm7NxENE9V7pf35k1ZBd2cfqZ3lIXVmaYtpejv1g9SwR4qYD0AScVAY2awjxb5Qmg==",
      "requires": {
        "@cuties/assert": "1.1.4",
        "@cuties/cutie": "1.4.3",
        "@cuties/is": "1.0.6",
        "@cuties/object": "1.0.3",
        "@cuties/process": "1.0.8",
        "@cuties/stream": "1.1.0",
        "test-executor": "1.1.0"
      }
    },
    "@cuties/if-else": {
      "version": "1.0.2",
      "resolved": "https://registry.npmjs.org/@cuties/if-else/-/if-else-1.0.2.tgz",
      "integrity": "sha512-ggaEuDnHlouJOapLxLgkS3WpK6JIZ5yYmG8Gb/edlAWAlxsS8itxn1uLvWwXnw6GH4tkaLJCaMda5Tkx1opFnQ==",
      "requires": {
        "@cuties/assert": "1.1.4",
        "@cuties/cutie": "1.4.3",
        "test-executor": "1.1.0"
      }
    },
    "@cuties/is": {
      "version": "1.0.6",
      "resolved": "https://registry.npmjs.org/@cuties/is/-/is-1.0.6.tgz",
      "integrity": "sha512-GcJW241fzz8OjZGCHnHNRbO9m/MrDE25NF+pYdd2WLXB77uCtICqeAy14DgiTCS0DxDfgmjKI7cTWoUwc00oRg==",
      "requires": {
        "@cuties/cutie": "1.4.3"
      }
    },
    "@cuties/iterator": {
      "version": "1.0.4",
      "resolved": "https://registry.npmjs.org/@cuties/iterator/-/iterator-1.0.4.tgz",
      "integrity": "sha512-U5jmkzXF71VA277WZhHsFUG55hwxVE9msNmJGpK6vXux3zn7CBwYQA5CriPzRoV/LYeIxBkGGiVUGFjAtYsSLA==",
      "requires": {
        "@cuties/assert": "1.1.4",
        "@cuties/cutie": "1.4.3",
        "@cuties/is": "1.0.6",
        "test-executor": "1.1.0"
      }
    },
    "@cuties/object": {
      "version": "1.0.3",
      "resolved": "https://registry.npmjs.org/@cuties/object/-/object-1.0.3.tgz",
      "integrity": "sha512-TOn4u7PpJShTkjaRckM08lwqfc9/HtWPB6q5+In7tbj7ePLigUX960JtO/hjlm6rkDwfUqRLcV5LgltTiHmNtg==",
      "requires": {
        "@cuties/assert": "1.1.4",
        "@cuties/cutie": "1.4.3",
        "@cuties/is": "1.0.6",
        "test-executor": "1.1.0"
      }
    },
    "@cuties/path": {
      "version": "1.0.2",
      "resolved": "https://registry.npmjs.org/@cuties/path/-/path-1.0.2.tgz",
      "integrity": "sha512-TYD1GnmqH642Q2/Gg5cQIKw+5Kh8DVDagfo3ZndfRmMO2M/z19dvyJ+CmWnwokhVh67xEnEcZ2I5R/7PBpZRpA==",
      "requires": {
        "@cuties/assert": "1.1.4",
        "@cuties/cutie": "1.4.3",
        "@cuties/is": "1.0.6",
        "test-executor": "1.1.0"
      }
    },
    "@cuties/process": {
      "version": "1.0.8",
      "resolved": "https://registry.npmjs.org/@cuties/process/-/process-1.0.8.tgz",
      "integrity": "sha512-yrCUCuWad6Gk7ND1ejJpcQifdNvV1IfInfUqxoucjr7ycOMq4R/6/mPkRJF+CM1JTPU8H1WABTWObNvBhfd7IQ==",
      "requires": {
        "@cuties/assert": "1.1.4",
        "@cuties/child-process": "1.0.1",
        "@cuties/cutie": "1.4.3",
        "@cuties/is": "1.0.6",
        "find-process": "1.1.1",
        "promise-to-callback": "1.0.0",
        "test-executor": "1.0.8"
      },
      "dependencies": {
        "@guseyn/cutie": {
          "version": "1.3.7",
          "resolved": "https://registry.npmjs.org/@guseyn/cutie/-/cutie-1.3.7.tgz",
          "integrity": "sha512-czyO+55HuNjMEvrAPtN2yaH2y3BgTKkyDzFDIZmzJhaOJix1AoFNt/xgk1fiWWpIt9xg7dRxTD7zoyNE2sTZ+A=="
        },
        "test-executor": {
          "version": "1.0.8",
          "resolved": "https://registry.npmjs.org/test-executor/-/test-executor-1.0.8.tgz",
          "integrity": "sha512-qNnHuQprdIhIOD/sq3vBdrpOQcw54QAV/uP5yDCMVDHansEd97mx8bvpxSOy+mA1xcbWQhpNuvWFpLAkhmnXyg==",
          "requires": {
            "@guseyn/cutie": "1.3.7"
          }
        }
      }
    },
    "@cuties/stream": {
      "version": "1.1.0",
      "resolved": "https://registry.npmjs.org/@cuties/stream/-/stream-1.1.0.tgz",
      "integrity": "sha512-DpZF8sQfJeuAF3eU4p6BPPuDH+jXD5x3thZdbnPYbWcmxJjffSToCdARRkD1uHkQJt8S6mcABOILns3n9COBGw==",
      "requires": {
        "@cuties/assert": "1.1.4",
        "@cuties/cutie": "1.4.3",
        "@cuties/is": "1.0.6",
        "test-executor": "1.1.0"
      }
    },
    "ansi-styles": {
      "version": "3.2.1",
      "resolved": "https://registry.npmjs.org/ansi-styles/-/ansi-styles-3.2.1.tgz",
      "integrity": "sha512-VT0ZI6kZRdTh8YyJw3SMbYm/u+NqfsAxEpWO0Pf9sq8/e94WxxOpPKx9FR1FlyCtOVDNOQ+8ntlqFxiRc+r5qA==",
      "requires": {
        "color-convert": "^1.9.0"
      }
    },
    "chalk": {
      "version": "2.4.1",
      "resolved": "https://registry.npmjs.org/chalk/-/chalk-2.4.1.tgz",
      "integrity": "sha512-ObN6h1v2fTJSmUXoS3nMQ92LbDK9be4TV+6G+omQlGJFdcUX5heKi1LZ1YnRMIgwTLEj3E24bT6tYni50rlCfQ==",
      "requires": {
        "ansi-styles": "^3.2.1",
        "escape-string-regexp": "^1.0.5",
        "supports-color": "^5.3.0"
      }
    },
    "color-convert": {
      "version": "1.9.2",
      "resolved": "https://registry.npmjs.org/color-convert/-/color-convert-1.9.2.tgz",
      "integrity": "sha512-3NUJZdhMhcdPn8vJ9v2UQJoH0qqoGUkYTgFEPZaPjEtwmmKUfNV46zZmgB2M5M4DCEQHMaCfWHCxiBflLm04Tg==",
      "requires": {
        "color-name": "1.1.1"
      }
    },
    "color-name": {
      "version": "1.1.1",
      "resolved": "https://registry.npmjs.org/color-name/-/color-name-1.1.1.tgz",
      "integrity": "sha1-SxQVMEz1ACjqgWQ2Q72C6gWANok="
    },
    "commander": {
      "version": "2.15.1",
      "resolved": "https://registry.npmjs.org/commander/-/commander-2.15.1.tgz",
      "integrity": "sha512-VlfT9F3V0v+jr4yxPc5gg9s62/fIVWsd2Bk2iD435um1NlGMYdVCq+MjcXnhYq2icNOizHr1kK+5TI6H0Hy0ag=="
    },
    "debug": {
      "version": "2.6.9",
      "resolved": "https://registry.npmjs.org/debug/-/debug-2.6.9.tgz",
      "integrity": "sha512-bC7ElrdJaJnPbAP+1EotYvqZsb3ecl5wi6Bfi6BJTUcNowp6cvspg0jXznRTKDjm/E7AdgFBVeAPVMNcKGsHMA==",
      "requires": {
        "ms": "2.0.0"
      }
    },
    "escape-string-regexp": {
      "version": "1.0.5",
      "resolved": "https://registry.npmjs.org/escape-string-regexp/-/escape-string-regexp-1.0.5.tgz",
      "integrity": "sha1-G2HAViGQqN/2rjuyzwIAyhMLhtQ="
    },
    "find-process": {
      "version": "1.1.1",
      "resolved": "https://registry.npmjs.org/find-process/-/find-process-1.1.1.tgz",
      "integrity": "sha1-V/sa28f0MEeG23IKSf69cIoxYtQ=",
      "requires": {
        "chalk": "^2.0.1",
        "commander": "^2.11.0",
        "debug": "^2.6.8"
      }
    },
    "has-flag": {
      "version": "3.0.0",
      "resolved": "https://registry.npmjs.org/has-flag/-/has-flag-3.0.0.tgz",
      "integrity": "sha1-tdRU3CGZriJWmfNGfloH87lVuv0="
    },
    "is-fn": {
      "version": "1.0.0",
      "resolved": "https://registry.npmjs.org/is-fn/-/is-fn-1.0.0.tgz",
      "integrity": "sha1-lUPV3nvPWwiiLsiiC65uKG1RDYw="
    },
    "ms": {
      "version": "2.0.0",
      "resolved": "https://registry.npmjs.org/ms/-/ms-2.0.0.tgz",
      "integrity": "sha1-VgiurfwAvmwpAd9fmGF4jeDVl8g="
    },
    "promise-to-callback": {
      "version": "1.0.0",
      "resolved": "https://registry.npmjs.org/promise-to-callback/-/promise-to-callback-1.0.0.tgz",
      "integrity": "sha1-XSp0kBC/tn2WNZj805YHRqaP7vc=",
      "requires": {
        "is-fn": "^1.0.0",
        "set-immediate-shim": "^1.0.1"
      }
    },
    "set-immediate-shim": {
      "version": "1.0.1",
      "resolved": "https://registry.npmjs.org/set-immediate-shim/-/set-immediate-shim-1.0.1.tgz",
      "integrity": "sha1-SysbJ+uAip+NzEgaWOXlb1mfP2E="
    },
    "supports-color": {
      "version": "5.4.0",
      "resolved": "https://registry.npmjs.org/supports-color/-/supports-color-5.4.0.tgz",
      "integrity": "sha512-zjaXglF5nnWpsq470jSv6P9DwPvgLkuapYmfDm3JWOm0vkNTVF2tI4UrN2r6jH1qM/uc/WtxYY1hYoA2dOKj5w==",
      "requires": {
        "has-flag": "^3.0.0"
      }
    },
    "test-executor": {
      "version": "1.1.0",
      "resolved": "https://registry.npmjs.org/test-executor/-/test-executor-1.1.0.tgz",
      "integrity": "sha512-GQg5Z6j9fPJSgnRvcrQk0sKb6FFUf6lHaA5OjXrazXiQSfJE2VTS8u5Nxj6A/3/0SpLJCavJ3AyJnWz77RrU+w==",
      "requires": {
        "@cuties/cutie": "1.4.3"
      }
    }
  }
}
