{
  "name": "@guseyn/cutie-rest",
  "version": "1.0.4",
  "lockfileVersion": 1,
  "requires": true,
  "dependencies": {
    "@guseyn/cutie": {
      "version": "1.2.5",
      "resolved": "https://registry.npmjs.org/@guseyn/cutie/-/cutie-1.2.5.tgz",
      "integrity": "sha512-BanqKp++71uio56JAWaYwcyBbWrmM/os/+zizVQgKAnVT7aSGLDtGHH1lANFSSq9Upy/ShWiYWBG3gtDHGa+Hg=="
    },
    "@guseyn/cutie-http": {
      "version": "1.1.4",
      "resolved": "https://registry.npmjs.org/@guseyn/cutie-http/-/cutie-http-1.1.4.tgz",
      "integrity": "sha512-lOZ7NLBDrQwgBIrdCgGd3Gl8vukN1hgt5pebNjTveNTr5kBjdTqtXdk9xYiHSF3bth7NCb0n+oF0brqtg+tARw==",
      "requires": {
        "@guseyn/cutie": "1.2.5"
      }
    }
  }
}
